Microsoft Visual Studio Solution File, Format Version 12.00
# Visual Studio Version 17
VisualStudioVersion = 17.13.35913.81 d17.13
MinimumVisualStudioVersion = 10.0.40219.1
Project("{FAE04EC0-301F-11D3-BF4B-00C04F79EFBC}") = "IGIToolKit", "IGIEditor.csproj", "{1BBBB5FC-3CF7-46C3-8837-9DBEE8BBD41F}"
EndProject
Global
	GlobalSection(SolutionConfigurationPlatforms) = preSolution
		Debug|Any CPU = Debug|Any CPU
		Debug|x86 = Debug|x86
		Dev|Any CPU = Dev|Any CPU
		Dev|x86 = Dev|x86
		DevMode|Any CPU = DevMode|Any CPU
		DevMode|x86 = DevMode|x86
		External|Any CPU = External|Any CPU
		External|x86 = External|x86
		Release|Any CPU = Release|Any CPU
		Release|x86 = Release|x86
	EndGlobalSection
	GlobalSection(ProjectConfigurationPlatforms) = postSolution
		{1BBBB5FC-3CF7-46C3-8837-9DBEE8BBD41F}.Debug|Any CPU.ActiveCfg = Debug|Any CPU
		{1BBBB5FC-3CF7-46C3-8837-9DBEE8BBD41F}.Debug|Any CPU.Build.0 = Debug|Any CPU
		{1BBBB5FC-3CF7-46C3-8837-9DBEE8BBD41F}.Debug|x86.ActiveCfg = Debug|x86
		{1BBBB5FC-3CF7-46C3-8837-9DBEE8BBD41F}.Debug|x86.Build.0 = Debug|x86
		{1BBBB5FC-3CF7-46C3-8837-9DBEE8BBD41F}.Dev|Any CPU.ActiveCfg = Dev|Any CPU
		{1BBBB5FC-3CF7-46C3-8837-9DBEE8BBD41F}.Dev|Any CPU.Build.0 = Dev|Any CPU
		{1BBBB5FC-3CF7-46C3-8837-9DBEE8BBD41F}.Dev|x86.ActiveCfg = Dev|x86
		{1BBBB5FC-3CF7-46C3-8837-9DBEE8BBD41F}.Dev|x86.Build.0 = Dev|x86
		{1BBBB5FC-3CF7-46C3-8837-9DBEE8BBD41F}.DevMode|Any CPU.ActiveCfg = DevMode|Any CPU
		{1BBBB5FC-3CF7-46C3-8837-9DBEE8BBD41F}.DevMode|Any CPU.Build.0 = DevMode|Any CPU
		{1BBBB5FC-3CF7-46C3-8837-9DBEE8BBD41F}.DevMode|x86.ActiveCfg = DevMode|x86
		{1BBBB5FC-3CF7-46C3-8837-9DBEE8BBD41F}.DevMode|x86.Build.0 = DevMode|x86
		{1BBBB5FC-3CF7-46C3-8837-9DBEE8BBD41F}.External|Any CPU.ActiveCfg = External|Any CPU
		{1BBBB5FC-3CF7-46C3-8837-9DBEE8BBD41F}.External|Any CPU.Build.0 = External|Any CPU
		{1BBBB5FC-3CF7-46C3-8837-9DBEE8BBD41F}.External|x86.ActiveCfg = External|x86
		{1BBBB5FC-3CF7-46C3-8837-9DBEE8BBD41F}.External|x86.Build.0 = External|x86
		{1BBBB5FC-3CF7-46C3-8837-9DBEE8BBD41F}.Release|Any CPU.ActiveCfg = Release|Any CPU
		{1BBBB5FC-3CF7-46C3-8837-9DBEE8BBD41F}.Release|Any CPU.Build.0 = Release|Any CPU
		{1BBBB5FC-3CF7-46C3-8837-9DBEE8BBD41F}.Release|x86.ActiveCfg = Release|x86
		{1BBBB5FC-3CF7-46C3-8837-9DBEE8BBD41F}.Release|x86.Build.0 = Release|x86
	EndGlobalSection
	GlobalSection(SolutionProperties) = preSolution
		HideSolutionNode = FALSE
	EndGlobalSection
	GlobalSection(ExtensibilityGlobals) = postSolution
		SolutionGuid = {CD713D89-5BDE-4FEB-985E-E168F8B2EA68}
	EndGlobalSection
EndGlobal
